
Microsoft Visual Studio Solution File, Format Version 12.00
# Visual Studio Version 17
VisualStudioVersion = 17.7.34024.191
MinimumVisualStudioVersion = 10.0.40219.1
Project("{9A19103F-16F7-4668-BE54-9A1E7A4F7556}") = "Minty", "Minty.csproj", "{CDAC3C74-328C-46A4-A323-6F0C48805703}"
EndProject
Project("{9A19103F-16F7-4668-BE54-9A1E7A4F7556}") = "LauncherUpdater", "LauncherUpdater\LauncherUpdater.csproj", "{EB2945BB-6B3C-4376-B76F-60AA85E1A2B9}"
EndProject
Global
	GlobalSection(SolutionConfigurationPlatforms) = preSolution
		Debug|Any CPU = Debug|Any CPU
		Debug|x64 = Debug|x64
		Debug|x86 = Debug|x86
		DefaultBuild|Any CPU = DefaultBuild|Any CPU
		DefaultBuild|x64 = DefaultBuild|x64
		DefaultBuild|x86 = DefaultBuild|x86
		Release|Any CPU = Release|Any CPU
		Release|x64 = Release|x64
		Release|x86 = Release|x86
	EndGlobalSection
	GlobalSection(ProjectConfigurationPlatforms) = postSolution
		{CDAC3C74-328C-46A4-A323-6F0C48805703}.Debug|Any CPU.ActiveCfg = Debug|Any CPU
		{CDAC3C74-328C-46A4-A323-6F0C48805703}.Debug|Any CPU.Build.0 = Debug|Any CPU
		{CDAC3C74-328C-46A4-A323-6F0C48805703}.Debug|x64.ActiveCfg = Debug|Any CPU
		{CDAC3C74-328C-46A4-A323-6F0C48805703}.Debug|x64.Build.0 = Debug|Any CPU
		{CDAC3C74-328C-46A4-A323-6F0C48805703}.Debug|x86.ActiveCfg = Debug|Any CPU
		{CDAC3C74-328C-46A4-A323-6F0C48805703}.Debug|x86.Build.0 = Debug|Any CPU
		{CDAC3C74-328C-46A4-A323-6F0C48805703}.DefaultBuild|Any CPU.ActiveCfg = Debug|Any CPU
		{CDAC3C74-328C-46A4-A323-6F0C48805703}.DefaultBuild|Any CPU.Build.0 = Debug|Any CPU
		{CDAC3C74-328C-46A4-A323-6F0C48805703}.DefaultBuild|x64.ActiveCfg = Debug|Any CPU
		{CDAC3C74-328C-46A4-A323-6F0C48805703}.DefaultBuild|x64.Build.0 = Debug|Any CPU
		{CDAC3C74-328C-46A4-A323-6F0C48805703}.DefaultBuild|x86.ActiveCfg = Debug|Any CPU
		{CDAC3C74-328C-46A4-A323-6F0C48805703}.DefaultBuild|x86.Build.0 = Debug|Any CPU
		{CDAC3C74-328C-46A4-A323-6F0C48805703}.Release|Any CPU.ActiveCfg = Release|Any CPU
		{CDAC3C74-328C-46A4-A323-6F0C48805703}.Release|Any CPU.Build.0 = Release|Any CPU
		{CDAC3C74-328C-46A4-A323-6F0C48805703}.Release|x64.ActiveCfg = Release|Any CPU
		{CDAC3C74-328C-46A4-A323-6F0C48805703}.Release|x64.Build.0 = Release|Any CPU
		{CDAC3C74-328C-46A4-A323-6F0C48805703}.Release|x86.ActiveCfg = Release|Any CPU
		{CDAC3C74-328C-46A4-A323-6F0C48805703}.Release|x86.Build.0 = Release|Any CPU
		{EB2945BB-6B3C-4376-B76F-60AA85E1A2B9}.Debug|Any CPU.ActiveCfg = Debug|Any CPU
		{EB2945BB-6B3C-4376-B76F-60AA85E1A2B9}.Debug|Any CPU.Build.0 = Debug|Any CPU
		{EB2945BB-6B3C-4376-B76F-60AA85E1A2B9}.Debug|x64.ActiveCfg = Debug|Any CPU
		{EB2945BB-6B3C-4376-B76F-60AA85E1A2B9}.Debug|x64.Build.0 = Debug|Any CPU
		{EB2945BB-6B3C-4376-B76F-60AA85E1A2B9}.Debug|x86.ActiveCfg = Debug|Any CPU
		{EB2945BB-6B3C-4376-B76F-60AA85E1A2B9}.Debug|x86.Build.0 = Debug|Any CPU
		{EB2945BB-6B3C-4376-B76F-60AA85E1A2B9}.DefaultBuild|Any CPU.ActiveCfg = Debug|Any CPU
		{EB2945BB-6B3C-4376-B76F-60AA85E1A2B9}.DefaultBuild|Any CPU.Build.0 = Debug|Any CPU
		{EB2945BB-6B3C-4376-B76F-60AA85E1A2B9}.DefaultBuild|x64.ActiveCfg = Debug|Any CPU
		{EB2945BB-6B3C-4376-B76F-60AA85E1A2B9}.DefaultBuild|x64.Build.0 = Debug|Any CPU
		{EB2945BB-6B3C-4376-B76F-60AA85E1A2B9}.DefaultBuild|x86.ActiveCfg = Debug|Any CPU
		{EB2945BB-6B3C-4376-B76F-60AA85E1A2B9}.DefaultBuild|x86.Build.0 = Debug|Any CPU
		{EB2945BB-6B3C-4376-B76F-60AA85E1A2B9}.Release|Any CPU.ActiveCfg = Release|Any CPU
		{EB2945BB-6B3C-4376-B76F-60AA85E1A2B9}.Release|Any CPU.Build.0 = Release|Any CPU
		{EB2945BB-6B3C-4376-B76F-60AA85E1A2B9}.Release|x64.ActiveCfg = Release|Any CPU
		{EB2945BB-6B3C-4376-B76F-60AA85E1A2B9}.Release|x64.Build.0 = Release|Any CPU
		{EB2945BB-6B3C-4376-B76F-60AA85E1A2B9}.Release|x86.ActiveCfg = Release|Any CPU
		{EB2945BB-6B3C-4376-B76F-60AA85E1A2B9}.Release|x86.Build.0 = Release|Any CPU
	EndGlobalSection
	GlobalSection(SolutionProperties) = preSolution
		HideSolutionNode = FALSE
	EndGlobalSection
	GlobalSection(ExtensibilityGlobals) = postSolution
		SolutionGuid = {7710A4C1-6C13-4466-BDCD-1570473568D4}
	EndGlobalSection
EndGlobal
