
Microsoft Visual Studio Solution File, Format Version 12.00
# Visual Studio Version 17
VisualStudioVersion = 17.7.34031.279
MinimumVisualStudioVersion = 10.0.40219.1
Project("{FAE04EC0-301F-11D3-BF4B-00C04F79EFBC}") = "Updater", "Updater.csproj", "{5909AC72-7CE1-45BB-84CA-D36A6AB59AB5}"
EndProject
Global
	GlobalSection(SolutionConfigurationPlatforms) = preSolution
		Debug|Any CPU = Debug|Any CPU
		Release|Any CPU = Release|Any CPU
	EndGlobalSection
	GlobalSection(ProjectConfigurationPlatforms) = postSolution
		{5909AC72-7CE1-45BB-84CA-D36A6AB59AB5}.Debug|Any CPU.ActiveCfg = Debug|Any CPU
		{5909AC72-7CE1-45BB-84CA-D36A6AB59AB5}.Debug|Any CPU.Build.0 = Debug|Any CPU
		{5909AC72-7CE1-45BB-84CA-D36A6AB59AB5}.Release|Any CPU.ActiveCfg = Release|Any CPU
		{5909AC72-7CE1-45BB-84CA-D36A6AB59AB5}.Release|Any CPU.Build.0 = Release|Any CPU
	EndGlobalSection
	GlobalSection(SolutionProperties) = preSolution
		HideSolutionNode = FALSE
	EndGlobalSection
	GlobalSection(ExtensibilityGlobals) = postSolution
		SolutionGuid = {59761337-CB3E-412A-BD42-9F891D3D6533}
	EndGlobalSection
EndGlobal
